
Microsoft Visual Studio Solution File, Format Version 10.00
# Visual Studio 2008
Project("{8BC9CEB8-8B4A-11D0-8D11-00A0C91BC942}") = "souieditor", "souieditor.vcproj", "{609BFC32-AB6A-3A69-83D7-1FBDA93CACCE}"
EndProject
Project("{8BC9CEB8-8B4A-11D0-8D11-00A0C91BC942}") = "soui3", "..\soui3.git\SOUI\soui3.vcproj", "{A278536F-80DF-3C47-A1FD-14BAACB6B8C6}"
EndProject
Global
	GlobalSection(SolutionConfigurationPlatforms) = preSolution
		Debug|Win32 = Debug|Win32
		Release|Win32 = Release|Win32
	EndGlobalSection
	GlobalSection(ProjectConfigurationPlatforms) = postSolution
		{609BFC32-AB6A-3A69-83D7-1FBDA93CACCE}.Debug|Win32.ActiveCfg = Debug|Win32
		{609BFC32-AB6A-3A69-83D7-1FBDA93CACCE}.Debug|Win32.Build.0 = Debug|Win32
		{609BFC32-AB6A-3A69-83D7-1FBDA93CACCE}.Release|Win32.ActiveCfg = Release|Win32
		{609BFC32-AB6A-3A69-83D7-1FBDA93CACCE}.Release|Win32.Build.0 = Release|Win32
		{A278536F-80DF-3C47-A1FD-14BAACB6B8C6}.Debug|Win32.ActiveCfg = Debug|Win32
		{A278536F-80DF-3C47-A1FD-14BAACB6B8C6}.Debug|Win32.Build.0 = Debug|Win32
		{A278536F-80DF-3C47-A1FD-14BAACB6B8C6}.Release|Win32.ActiveCfg = Release|Win32
		{A278536F-80DF-3C47-A1FD-14BAACB6B8C6}.Release|Win32.Build.0 = Release|Win32
	EndGlobalSection
	GlobalSection(SolutionProperties) = preSolution
		HideSolutionNode = FALSE
	EndGlobalSection
EndGlobal
